<?xml version="1.0" encoding="utf-8"?>
<Project ToolsVersion="4.0" xmlns="http://schemas.microsoft.com/developer/msbuild/2003">
  <ItemGroup>
    <Filter Include="BaseLib">
      <UniqueIdentifier>{a56eec32-cd22-49af-990c-d55a42baf901}</UniqueIdentifier>
    </Filter>
    <Filter Include="NetEngine">
      <UniqueIdentifier>{cc77ffeb-11a0-442e-99f1-d21ce66a70e0}</UniqueIdentifier>
    </Filter>
    <Filter Include="NetEngine\Protocol">
      <UniqueIdentifier>{62316a1a-a033-4cfa-a8e8-ea5a3d18d1ec}</UniqueIdentifier>
    </Filter>
    <Filter Include="NetEngine\Packets">
      <UniqueIdentifier>{662b431c-be8a-4772-9066-136610e9a928}</UniqueIdentifier>
    </Filter>
  </ItemGroup>
  <ItemGroup>
    <ClInclude Include="$(MSBuildThisFileDirectory)NetEngine\Packets\PacketData.h">
      <Filter>NetEngine\Packets</Filter>
    </ClInclude>
    <ClInclude Include="$(MSBuildThisFileDirectory)NetEngine\Packets\PacketStruct.h">
      <Filter>NetEngine\Packets</Filter>
    </ClInclude>
    <ClInclude Include="$(MSBuildThisFileDirectory)NetEngine\Protocols\BaseProtocol.h">
      <Filter>NetEngine\Protocol</Filter>
    </ClInclude>
    <ClInclude Include="$(MSBuildThisFileDirectory)NetEngine\CCrypt.h">
      <Filter>NetEngine</Filter>
    </ClInclude>
    <ClInclude Include="$(MSBuildThisFileDirectory)NetEngine\CMessage.h">
      <Filter>NetEngine</Filter>
    </ClInclude>
    <ClInclude Include="$(MSBuildThisFileDirectory)NetEngine\Constants.h">
      <Filter>NetEngine</Filter>
    </ClInclude>
    <ClInclude Include="$(MSBuildThisFileDirectory)NetEngine\CServer.h">
      <Filter>NetEngine</Filter>
    </ClInclude>
    <ClInclude Include="$(MSBuildThisFileDirectory)NetEngine\CSession.h">
      <Filter>NetEngine</Filter>
    </ClInclude>
    <ClInclude Include="$(MSBuildThisFileDirectory)BaseLib\CDatabase.h">
      <Filter>BaseLib</Filter>
    </ClInclude>
    <ClInclude Include="$(MSBuildThisFileDirectory)BaseLib\CLog.h">
      <Filter>BaseLib</Filter>
    </ClInclude>
    <ClInclude Include="$(MSBuildThisFileDirectory)BaseLib\CSettings.h">
      <Filter>BaseLib</Filter>
    </ClInclude>
    <ClInclude Include="$(MSBuildThisFileDirectory)BaseLib\Utility.h">
      <Filter>BaseLib</Filter>
    </ClInclude>
    <ClInclude Include="$(MSBuildThisFileDirectory)BaseLib\CDBM.h">
      <Filter>BaseLib</Filter>
    </ClInclude>
    <ClInclude Include="$(MSBuildThisFileDirectory)BaseLib\CDBData.h">
      <Filter>BaseLib</Filter>
    </ClInclude>
    <ClInclude Include="$(MSBuildThisFileDirectory)BaseLib\CCrashHandler.h">
      <Filter>BaseLib</Filter>
    </ClInclude>
    <ClInclude Include="$(MSBuildThisFileDirectory)..\deps\StackWalker\StackWalker.h">
      <Filter>BaseLib</Filter>
    </ClInclude>
  </ItemGroup>
  <ItemGroup>
    <ClCompile Include="$(MSBuildThisFileDirectory)NetEngine\CMessage.cpp">
      <Filter>NetEngine</Filter>
    </ClCompile>
    <ClCompile Include="$(MSBuildThisFileDirectory)NetEngine\CServer.cpp">
      <Filter>NetEngine</Filter>
    </ClCompile>
    <ClCompile Include="$(MSBuildThisFileDirectory)NetEngine\CSession.cpp">
      <Filter>NetEngine</Filter>
    </ClCompile>
    <ClCompile Include="$(MSBuildThisFileDirectory)BaseLib\CDatabase.cpp">
      <Filter>BaseLib</Filter>
    </ClCompile>
    <ClCompile Include="$(MSBuildThisFileDirectory)BaseLib\CLog.cpp">
      <Filter>BaseLib</Filter>
    </ClCompile>
    <ClCompile Include="$(MSBuildThisFileDirectory)BaseLib\CSettings.cpp">
      <Filter>BaseLib</Filter>
    </ClCompile>
    <ClCompile Include="$(MSBuildThisFileDirectory)BaseLib\Utility.cpp">
      <Filter>BaseLib</Filter>
    </ClCompile>
    <ClCompile Include="$(MSBuildThisFileDirectory)BaseLib\CDBM.cpp">
      <Filter>BaseLib</Filter>
    </ClCompile>
    <ClCompile Include="$(MSBuildThisFileDirectory)BaseLib\CCrashHandler.cpp">
      <Filter>BaseLib</Filter>
    </ClCompile>
    <ClCompile Include="$(MSBuildThisFileDirectory)..\deps\StackWalker\StackWalker.cpp">
      <Filter>BaseLib</Filter>
    </ClCompile>
  </ItemGroup>
</Project>