<?xml version="1.0" encoding="utf-8"?>
<Project ToolsVersion="4.0" xmlns="http://schemas.microsoft.com/developer/msbuild/2003">
  <ItemGroup>
    <Filter Include="header">
      <UniqueIdentifier>{93995380-89BD-4b04-88EB-625FBE52EBFB}</UniqueIdentifier>
      <Extensions>h;hh;hpp;hxx;h++;hm;inl;inc;ipp;xsd</Extensions>
    </Filter>
    <Filter Include="src">
      <UniqueIdentifier>{4FC737F1-C7A5-4376-A066-2A32D752A2FF}</UniqueIdentifier>
      <Extensions>cpp;c;cc;cxx;c++;cppm;ixx;def;odl;idl;hpj;bat;asm;asmx</Extensions>
    </Filter>
    <Filter Include="header\handlers">
      <UniqueIdentifier>{5c19a35a-585d-4b9a-aa0b-d2cd1ca3fbd0}</UniqueIdentifier>
    </Filter>
    <Filter Include="header\handlers\Core">
      <UniqueIdentifier>{a00cd564-a0e8-4a6e-99e4-5dc46a26146f}</UniqueIdentifier>
    </Filter>
    <Filter Include="header\handlers\Player">
      <UniqueIdentifier>{1c61a44d-e40a-40de-ba8f-f13a477bcc0e}</UniqueIdentifier>
    </Filter>
    <Filter Include="header\handlers\Player\Core">
      <UniqueIdentifier>{e91affe3-9a56-4d74-b8e1-befce53fd4e0}</UniqueIdentifier>
    </Filter>
    <Filter Include="header\handlers\Core\Ipc">
      <UniqueIdentifier>{96a11f5c-736a-45ba-a121-f1f52cbb8eb4}</UniqueIdentifier>
    </Filter>
  </ItemGroup>
  <ItemGroup>
    <ClCompile Include="main.cpp">
      <Filter>src</Filter>
    </ClCompile>
    <ClCompile Include="CFrontServer.cpp">
      <Filter>src</Filter>
    </ClCompile>
  </ItemGroup>
  <ItemGroup>
    <ClInclude Include="CFrontServer.h">
      <Filter>header</Filter>
    </ClInclude>
    <ClInclude Include="handlers\Core\Ipc\MainAidOnline.h">
      <Filter>header\handlers\Core\Ipc</Filter>
    </ClInclude>
    <ClInclude Include="handlers\Core\Ipc\MainDisconnect.h">
      <Filter>header\handlers\Core\Ipc</Filter>
    </ClInclude>
    <ClInclude Include="handlers\Player\Core\Authorize.h">
      <Filter>header\handlers\Player\Core</Filter>
    </ClInclude>
    <ClInclude Include="handlers\Player\Core\Channels.h">
      <Filter>header\handlers\Player\Core</Filter>
    </ClInclude>
    <ClInclude Include="handlers\Player\Core\Reconnect.h">
      <Filter>header\handlers\Player\Core</Filter>
    </ClInclude>
    <ClInclude Include="handlers\Core\Connect.h">
      <Filter>header\handlers\Core</Filter>
    </ClInclude>
    <ClInclude Include="handlers\Core\Disconnect.h">
      <Filter>header\handlers\Core</Filter>
    </ClInclude>
    <ClInclude Include="handlers\Core\Ipc.h">
      <Filter>header\handlers\Core</Filter>
    </ClInclude>
  </ItemGroup>
</Project>