
Microsoft Visual Studio Solution File, Format Version 12.00
# Visual Studio Version 17
VisualStudioVersion = 17.2.32516.85
MinimumVisualStudioVersion = 10.0.40219.1
Project("{8BC9CEB8-8B4A-11D0-8D11-00A0C91BC942}") = "FrontServer", "Front\MegaVoltsPP_Front.vcxproj", "{A9A2868D-B45F-4997-B389-CF4AD481773D}"
EndProject
Project("{8BC9CEB8-8B4A-11D0-8D11-00A0C91BC942}") = "_common", "..\common\common.vcxitems", "{CC307D29-7EB8-4F52-B8E5-1249BF8A87B3}"
EndProject
Project("{8BC9CEB8-8B4A-11D0-8D11-00A0C91BC942}") = "MainServer", "Main\MegaVoltsPP_Main.vcxproj", "{3FB289D7-7F66-4034-9D5A-24023E97ED4B}"
EndProject
Project("{8BC9CEB8-8B4A-11D0-8D11-00A0C91BC942}") = "CastServer", "Cast\MegaVoltsPP_Cast.vcxproj", "{41CE8F9B-C96A-49E9-9E68-F908B3376047}"
EndProject
Project("{8BC9CEB8-8B4A-11D0-8D11-00A0C91BC942}") = "UnitTests", "..\tests\MegaVoltsPP_Tests.vcxproj", "{E7B3C5A1-9F4D-4B2E-8A1C-3D5F7E9B0C2A}"
EndProject
Project("{2150E333-8FDC-42A3-9474-1A3956D46DE8}") = "Solution Items", "Solution Items", "{50A42FF7-E7AD-49FE-8148-BAA0DA1CEA2D}"
	ProjectSection(SolutionItems) = preProject
		..\.editorconfig = ..\.editorconfig
		..\.gitattributes = ..\.gitattributes
		..\.gitignore = ..\.gitignore
		..\README.md = ..\README.md
	EndProjectSection
EndProject
Global
	GlobalSection(SolutionConfigurationPlatforms) = preSolution
		Debug|x64 = Debug|x64
		Debug|x86 = Debug|x86
		Release 1.0.3|x64 = Release 1.0.3|x64
		Release 1.0.3|x86 = Release 1.0.3|x86
		Release 1.1.1|x64 = Release 1.1.1|x64
		Release 1.1.1|x86 = Release 1.1.1|x86
	EndGlobalSection
	GlobalSection(ProjectConfigurationPlatforms) = postSolution
		{A9A2868D-B45F-4997-B389-CF4AD481773D}.Debug|x64.ActiveCfg = Debug|x64
		{A9A2868D-B45F-4997-B389-CF4AD481773D}.Debug|x64.Build.0 = Debug|x64
		{A9A2868D-B45F-4997-B389-CF4AD481773D}.Debug|x86.ActiveCfg = Debug|Win32
		{A9A2868D-B45F-4997-B389-CF4AD481773D}.Debug|x86.Build.0 = Debug|Win32
		{A9A2868D-B45F-4997-B389-CF4AD481773D}.Release 1.0.3|x64.ActiveCfg = Release 1.0.3|x64
		{A9A2868D-B45F-4997-B389-CF4AD481773D}.Release 1.0.3|x64.Build.0 = Release 1.0.3|x64
		{A9A2868D-B45F-4997-B389-CF4AD481773D}.Release 1.0.3|x86.ActiveCfg = Release 1.0.3|Win32
		{A9A2868D-B45F-4997-B389-CF4AD481773D}.Release 1.0.3|x86.Build.0 = Release 1.0.3|Win32
		{A9A2868D-B45F-4997-B389-CF4AD481773D}.Release 1.1.1|x64.ActiveCfg = Release 1.1.1|x64
		{A9A2868D-B45F-4997-B389-CF4AD481773D}.Release 1.1.1|x64.Build.0 = Release 1.1.1|x64
		{A9A2868D-B45F-4997-B389-CF4AD481773D}.Release 1.1.1|x86.ActiveCfg = Release 1.1.1|Win32
		{A9A2868D-B45F-4997-B389-CF4AD481773D}.Release 1.1.1|x86.Build.0 = Release 1.1.1|Win32
		{3FB289D7-7F66-4034-9D5A-24023E97ED4B}.Debug|x64.ActiveCfg = Debug|x64
		{3FB289D7-7F66-4034-9D5A-24023E97ED4B}.Debug|x64.Build.0 = Debug|x64
		{3FB289D7-7F66-4034-9D5A-24023E97ED4B}.Debug|x86.ActiveCfg = Debug|Win32
		{3FB289D7-7F66-4034-9D5A-24023E97ED4B}.Debug|x86.Build.0 = Debug|Win32
		{3FB289D7-7F66-4034-9D5A-24023E97ED4B}.Release 1.0.3|x64.ActiveCfg = Release 1.0.3|x64
		{3FB289D7-7F66-4034-9D5A-24023E97ED4B}.Release 1.0.3|x64.Build.0 = Release 1.0.3|x64
		{3FB289D7-7F66-4034-9D5A-24023E97ED4B}.Release 1.0.3|x86.ActiveCfg = Release 1.0.3|Win32
		{3FB289D7-7F66-4034-9D5A-24023E97ED4B}.Release 1.0.3|x86.Build.0 = Release 1.0.3|Win32
		{3FB289D7-7F66-4034-9D5A-24023E97ED4B}.Release 1.1.1|x64.ActiveCfg = Release 1.1.1|x64
		{3FB289D7-7F66-4034-9D5A-24023E97ED4B}.Release 1.1.1|x64.Build.0 = Release 1.1.1|x64
		{3FB289D7-7F66-4034-9D5A-24023E97ED4B}.Release 1.1.1|x86.ActiveCfg = Release 1.1.1|Win32
		{3FB289D7-7F66-4034-9D5A-24023E97ED4B}.Release 1.1.1|x86.Build.0 = Release 1.1.1|Win32
		{41CE8F9B-C96A-49E9-9E68-F908B3376047}.Debug|x64.ActiveCfg = Debug|x64
		{41CE8F9B-C96A-49E9-9E68-F908B3376047}.Debug|x64.Build.0 = Debug|x64
		{41CE8F9B-C96A-49E9-9E68-F908B3376047}.Debug|x86.ActiveCfg = Debug|Win32
		{41CE8F9B-C96A-49E9-9E68-F908B3376047}.Debug|x86.Build.0 = Debug|Win32
		{41CE8F9B-C96A-49E9-9E68-F908B3376047}.Release 1.0.3|x64.ActiveCfg = Release 1.0.3|x64
		{41CE8F9B-C96A-49E9-9E68-F908B3376047}.Release 1.0.3|x64.Build.0 = Release 1.0.3|x64
		{41CE8F9B-C96A-49E9-9E68-F908B3376047}.Release 1.0.3|x86.ActiveCfg = Release 1.0.3|Win32
		{41CE8F9B-C96A-49E9-9E68-F908B3376047}.Release 1.0.3|x86.Build.0 = Release 1.0.3|Win32
		{41CE8F9B-C96A-49E9-9E68-F908B3376047}.Release 1.1.1|x64.ActiveCfg = Release 1.1.1|x64
		{41CE8F9B-C96A-49E9-9E68-F908B3376047}.Release 1.1.1|x64.Build.0 = Release 1.1.1|x64
		{41CE8F9B-C96A-49E9-9E68-F908B3376047}.Release 1.1.1|x86.ActiveCfg = Release 1.1.1|Win32
		{41CE8F9B-C96A-49E9-9E68-F908B3376047}.Release 1.1.1|x86.Build.0 = Release 1.1.1|Win32
		{E7B3C5A1-9F4D-4B2E-8A1C-3D5F7E9B0C2A}.Debug|x64.ActiveCfg = Debug|x64
		{E7B3C5A1-9F4D-4B2E-8A1C-3D5F7E9B0C2A}.Debug|x64.Build.0 = Debug|x64
		{E7B3C5A1-9F4D-4B2E-8A1C-3D5F7E9B0C2A}.Debug|x86.ActiveCfg = Debug|x64
		{E7B3C5A1-9F4D-4B2E-8A1C-3D5F7E9B0C2A}.Release 1.0.3|x64.ActiveCfg = Release 1.0.3|x64
		{E7B3C5A1-9F4D-4B2E-8A1C-3D5F7E9B0C2A}.Release 1.0.3|x64.Build.0 = Release 1.0.3|x64
		{E7B3C5A1-9F4D-4B2E-8A1C-3D5F7E9B0C2A}.Release 1.0.3|x86.ActiveCfg = Release 1.0.3|x64
		{E7B3C5A1-9F4D-4B2E-8A1C-3D5F7E9B0C2A}.Release 1.1.1|x64.ActiveCfg = Release 1.0.3|x64
		{E7B3C5A1-9F4D-4B2E-8A1C-3D5F7E9B0C2A}.Release 1.1.1|x64.Build.0 = Release 1.0.3|x64
		{E7B3C5A1-9F4D-4B2E-8A1C-3D5F7E9B0C2A}.Release 1.1.1|x86.ActiveCfg = Release 1.0.3|x64
	EndGlobalSection
	GlobalSection(SolutionProperties) = preSolution
		HideSolutionNode = FALSE
	EndGlobalSection
	GlobalSection(ExtensibilityGlobals) = postSolution
		SolutionGuid = {B3F9143C-F931-4480-860D-487AF3E3933E}
	EndGlobalSection
	GlobalSection(SharedMSBuildProjectFiles) = preSolution
		..\common\common.vcxitems*{3fb289d7-7f66-4034-9d5a-24023e97ed4b}*SharedItemsImports = 4
		..\common\common.vcxitems*{41ce8f9b-c96a-49e9-9e68-f908b3376047}*SharedItemsImports = 4
		..\common\common.vcxitems*{a9a2868d-b45f-4997-b389-cf4ad481773d}*SharedItemsImports = 4
		..\common\common.vcxitems*{cc307d29-7eb8-4f52-b8e5-1249bf8a87b3}*SharedItemsImports = 9
		..\common\common.vcxitems*{e7b3c5a1-9f4d-4b2e-8a1c-3d5f7e9b0c2a}*SharedItemsImports = 4
	EndGlobalSection
EndGlobal
